
Microsoft Visual Studio Solution File, Format Version 12.00
# Visual Studio Version 16
VisualStudioVersion = 16.0.31313.79
MinimumVisualStudioVersion = 10.0.40219.1
Project("{FAE04EC0-301F-11D3-BF4B-00C04F79EFBC}") = "RegistroEstudiantesWPF", "RegistroEstudiantesWPF.csproj", "{DF34CDD9-3CD7-44DE-B4C2-A9E71F52552E}"
EndProject
Global
	GlobalSection(SolutionConfigurationPlatforms) = preSolution
		Debug|Any CPU = Debug|Any CPU
		Release|Any CPU = Release|Any CPU
	EndGlobalSection
	GlobalSection(ProjectConfigurationPlatforms) = postSolution
		{DF34CDD9-3CD7-44DE-B4C2-A9E71F52552E}.Debug|Any CPU.ActiveCfg = Debug|Any CPU
		{DF34CDD9-3CD7-44DE-B4C2-A9E71F52552E}.Debug|Any CPU.Build.0 = Debug|Any CPU
		{DF34CDD9-3CD7-44DE-B4C2-A9E71F52552E}.Release|Any CPU.ActiveCfg = Release|Any CPU
		{DF34CDD9-3CD7-44DE-B4C2-A9E71F52552E}.Release|Any CPU.Build.0 = Release|Any CPU
	EndGlobalSection
	GlobalSection(SolutionProperties) = preSolution
		HideSolutionNode = FALSE
	EndGlobalSection
	GlobalSection(ExtensibilityGlobals) = postSolution
		SolutionGuid = {ABCE28BF-0395-46A9-9462-D4DDE635F99F}
	EndGlobalSection
EndGlobal
